
Microsoft Visual Studio Solution File, Format Version 12.00
# Visual Studio Version 17
VisualStudioVersion = 17.8.34408.163
MinimumVisualStudioVersion = 10.0.40219.1
Project("{FAE04EC0-301F-11D3-BF4B-00C04F79EFBC}") = "GestionDesNotes", "GestionDesNotes\GestionDesNotes.csproj", "{F5312AD9-9D26-4FCC-BAA0-C9A286624C6F}"
EndProject
Global
	GlobalSection(SolutionConfigurationPlatforms) = preSolution
		Debug|Any CPU = Debug|Any CPU
		Release|Any CPU = Release|Any CPU
	EndGlobalSection
	GlobalSection(ProjectConfigurationPlatforms) = postSolution
		{F5312AD9-9D26-4FCC-BAA0-C9A286624C6F}.Debug|Any CPU.ActiveCfg = Debug|Any CPU
		{F5312AD9-9D26-4FCC-BAA0-C9A286624C6F}.Debug|Any CPU.Build.0 = Debug|Any CPU
		{F5312AD9-9D26-4FCC-BAA0-C9A286624C6F}.Release|Any CPU.ActiveCfg = Release|Any CPU
		{F5312AD9-9D26-4FCC-BAA0-C9A286624C6F}.Release|Any CPU.Build.0 = Release|Any CPU
	EndGlobalSection
	GlobalSection(SolutionProperties) = preSolution
		HideSolutionNode = FALSE
	EndGlobalSection
	GlobalSection(ExtensibilityGlobals) = postSolution
		SolutionGuid = {E93F43DA-4E8F-473A-8CB6-4DA8AAB7691F}
	EndGlobalSection
EndGlobal
